
Microsoft Visual Studio Solution File, Format Version 12.00
# Visual Studio 15
VisualStudioVersion = 15.0.27428.1
MinimumVisualStudioVersion = 10.0.40219.1
Project("{FAE04EC0-301F-11D3-BF4B-00C04F79EFBC}") = "TestOne", "TestOne\TestOne.csproj", "{9E28A025-2E85-441C-9202-487DB8CF0E23}"
EndProject
Global
	GlobalSection(SolutionConfigurationPlatforms) = preSolution
		Debug|Any CPU = Debug|Any CPU
		Release|Any CPU = Release|Any CPU
	EndGlobalSection
	GlobalSection(ProjectConfigurationPlatforms) = postSolution
		{9E28A025-2E85-441C-9202-487DB8CF0E23}.Debug|Any CPU.ActiveCfg = Debug|Any CPU
		{9E28A025-2E85-441C-9202-487DB8CF0E23}.Debug|Any CPU.Build.0 = Debug|Any CPU
		{9E28A025-2E85-441C-9202-487DB8CF0E23}.Release|Any CPU.ActiveCfg = Release|Any CPU
		{9E28A025-2E85-441C-9202-487DB8CF0E23}.Release|Any CPU.Build.0 = Release|Any CPU
	EndGlobalSection
	GlobalSection(SolutionProperties) = preSolution
		HideSolutionNode = FALSE
	EndGlobalSection
	GlobalSection(ExtensibilityGlobals) = postSolution
		SolutionGuid = {25D5644B-C381-40EB-87E6-5B753EA6CA3B}
	EndGlobalSection
EndGlobal
