
Microsoft Visual Studio Solution File, Format Version 12.00
# Visual Studio 15
VisualStudioVersion = 15.0.27004.2002
MinimumVisualStudioVersion = 10.0.40219.1
Project("{FAE04EC0-301F-11D3-BF4B-00C04F79EFBC}") = "Curves", "Curves\Curves.csproj", "{50AF8037-4AAA-4288-BCB5-2450A8FAEF5A}"
EndProject
Global
	GlobalSection(SolutionConfigurationPlatforms) = preSolution
		Debug|Any CPU = Debug|Any CPU
		Release|Any CPU = Release|Any CPU
	EndGlobalSection
	GlobalSection(ProjectConfigurationPlatforms) = postSolution
		{50AF8037-4AAA-4288-BCB5-2450A8FAEF5A}.Debug|Any CPU.ActiveCfg = Debug|Any CPU
		{50AF8037-4AAA-4288-BCB5-2450A8FAEF5A}.Debug|Any CPU.Build.0 = Debug|Any CPU
		{50AF8037-4AAA-4288-BCB5-2450A8FAEF5A}.Release|Any CPU.ActiveCfg = Release|Any CPU
		{50AF8037-4AAA-4288-BCB5-2450A8FAEF5A}.Release|Any CPU.Build.0 = Release|Any CPU
	EndGlobalSection
	GlobalSection(SolutionProperties) = preSolution
		HideSolutionNode = FALSE
	EndGlobalSection
	GlobalSection(ExtensibilityGlobals) = postSolution
		SolutionGuid = {ED8936BB-7F78-40BA-9FC7-847E93006C14}
	EndGlobalSection
EndGlobal
