<?xml version="1.0" encoding="utf-8"?>
<Project ToolsVersion="4.0" xmlns="http://schemas.microsoft.com/developer/msbuild/2003">
  <ItemGroup>
    <Filter Include="Исходные файлы">
      <UniqueIdentifier>{4FC737F1-C7A5-4376-A066-2A32D752A2FF}</UniqueIdentifier>
      <Extensions>cpp;c;cc;cxx;def;odl;idl;hpj;bat;asm;asmx</Extensions>
    </Filter>
    <Filter Include="Файлы ресурсов">
      <UniqueIdentifier>{67DA6AB6-F800-4c08-8B7A-83BB121AAD01}</UniqueIdentifier>
      <Extensions>rc;ico;cur;bmp;dlg;rc2;rct;bin;rgs;gif;jpg;jpeg;jpe;resx;tiff;tif;png;wav;mfcribbon-ms</Extensions>
    </Filter>
    <Filter Include="Исходные файлы\IoC">
      <UniqueIdentifier>{a3bbadcf-7f42-4aeb-bd78-a82754ff9cad}</UniqueIdentifier>
    </Filter>
    <Filter Include="Исходные файлы\BlackJack">
      <UniqueIdentifier>{189fe4b8-5a55-4b32-99f3-6178b587ae09}</UniqueIdentifier>
    </Filter>
    <Filter Include="Исходные файлы\BlackJack\Файлы заголовков">
      <UniqueIdentifier>{93995380-89BD-4b04-88EB-625FBE52EBFB}</UniqueIdentifier>
      <Extensions>h;hh;hpp;hxx;hm;inl;inc;ipp;xsd</Extensions>
    </Filter>
    <Filter Include="Исходные файлы\BlackJack\Исходные файлы">
      <UniqueIdentifier>{feba8bb5-a92a-48e0-b422-872fe0f0b2ea}</UniqueIdentifier>
    </Filter>
  </ItemGroup>
  <ItemGroup>
    <ClInclude Include="targetver.h">
      <Filter>Исходные файлы\BlackJack\Файлы заголовков</Filter>
    </ClInclude>
    <ClInclude Include="BlackJack.h">
      <Filter>Исходные файлы\BlackJack\Файлы заголовков</Filter>
    </ClInclude>
    <ClInclude Include="Cards.h">
      <Filter>Исходные файлы\BlackJack\Файлы заголовков</Filter>
    </ClInclude>
    <ClInclude Include="CleverBot.h">
      <Filter>Исходные файлы\BlackJack\Файлы заголовков</Filter>
    </ClInclude>
    <ClInclude Include="Member.h">
      <Filter>Исходные файлы\BlackJack\Файлы заголовков</Filter>
    </ClInclude>
    <ClInclude Include="Player.h">
      <Filter>Исходные файлы\BlackJack\Файлы заголовков</Filter>
    </ClInclude>
    <ClInclude Include="SillyBot.h">
      <Filter>Исходные файлы\BlackJack\Файлы заголовков</Filter>
    </ClInclude>
    <ClInclude Include="stdafx.h">
      <Filter>Исходные файлы</Filter>
    </ClInclude>
    <ClInclude Include="IOCContainer.h">
      <Filter>Исходные файлы\IoC</Filter>
    </ClInclude>
  </ItemGroup>
  <ItemGroup>
    <ClCompile Include="stdafx.cpp">
      <Filter>Исходные файлы</Filter>
    </ClCompile>
    <ClCompile Include="main.cpp">
      <Filter>Исходные файлы</Filter>
    </ClCompile>
    <ClCompile Include="BlackJack.cpp">
      <Filter>Исходные файлы\BlackJack\Исходные файлы</Filter>
    </ClCompile>
    <ClCompile Include="Cards.cpp">
      <Filter>Исходные файлы\BlackJack\Исходные файлы</Filter>
    </ClCompile>
    <ClCompile Include="CleverBot.cpp">
      <Filter>Исходные файлы\BlackJack\Исходные файлы</Filter>
    </ClCompile>
    <ClCompile Include="Member.cpp">
      <Filter>Исходные файлы\BlackJack\Исходные файлы</Filter>
    </ClCompile>
    <ClCompile Include="Player.cpp">
      <Filter>Исходные файлы\BlackJack\Исходные файлы</Filter>
    </ClCompile>
    <ClCompile Include="SillyBot.cpp">
      <Filter>Исходные файлы\BlackJack\Исходные файлы</Filter>
    </ClCompile>
  </ItemGroup>
</Project>