
Microsoft Visual Studio Solution File, Format Version 12.00
# Visual Studio 15
VisualStudioVersion = 15.0.27004.2006
MinimumVisualStudioVersion = 10.0.40219.1
Project("{FAE04EC0-301F-11D3-BF4B-00C04F79EFBC}") = "Task 2.8", "Task 2.8\Task 2.8.csproj", "{1CD986BD-F10C-4489-B2C0-3B4DF931D2A8}"
EndProject
Project("{FAE04EC0-301F-11D3-BF4B-00C04F79EFBC}") = "Interface", "Interface\Interface.csproj", "{B3CD785A-7DEA-41E1-82A6-F8E116EEA9F7}"
EndProject
Project("{FAE04EC0-301F-11D3-BF4B-00C04F79EFBC}") = "TestLib", "TestLib\TestLib.csproj", "{1A95D472-9C4D-4E1F-B12D-359FCA720DBA}"
EndProject
Global
	GlobalSection(SolutionConfigurationPlatforms) = preSolution
		Debug|Any CPU = Debug|Any CPU
		Release|Any CPU = Release|Any CPU
	EndGlobalSection
	GlobalSection(ProjectConfigurationPlatforms) = postSolution
		{1CD986BD-F10C-4489-B2C0-3B4DF931D2A8}.Debug|Any CPU.ActiveCfg = Debug|Any CPU
		{1CD986BD-F10C-4489-B2C0-3B4DF931D2A8}.Debug|Any CPU.Build.0 = Debug|Any CPU
		{1CD986BD-F10C-4489-B2C0-3B4DF931D2A8}.Release|Any CPU.ActiveCfg = Release|Any CPU
		{1CD986BD-F10C-4489-B2C0-3B4DF931D2A8}.Release|Any CPU.Build.0 = Release|Any CPU
		{B3CD785A-7DEA-41E1-82A6-F8E116EEA9F7}.Debug|Any CPU.ActiveCfg = Debug|Any CPU
		{B3CD785A-7DEA-41E1-82A6-F8E116EEA9F7}.Debug|Any CPU.Build.0 = Debug|Any CPU
		{B3CD785A-7DEA-41E1-82A6-F8E116EEA9F7}.Release|Any CPU.ActiveCfg = Release|Any CPU
		{B3CD785A-7DEA-41E1-82A6-F8E116EEA9F7}.Release|Any CPU.Build.0 = Release|Any CPU
		{1A95D472-9C4D-4E1F-B12D-359FCA720DBA}.Debug|Any CPU.ActiveCfg = Debug|Any CPU
		{1A95D472-9C4D-4E1F-B12D-359FCA720DBA}.Debug|Any CPU.Build.0 = Debug|Any CPU
		{1A95D472-9C4D-4E1F-B12D-359FCA720DBA}.Release|Any CPU.ActiveCfg = Release|Any CPU
		{1A95D472-9C4D-4E1F-B12D-359FCA720DBA}.Release|Any CPU.Build.0 = Release|Any CPU
	EndGlobalSection
	GlobalSection(SolutionProperties) = preSolution
		HideSolutionNode = FALSE
	EndGlobalSection
	GlobalSection(ExtensibilityGlobals) = postSolution
		SolutionGuid = {BE5F217A-65FE-4267-AC50-FAF17C3FD2C2}
	EndGlobalSection
EndGlobal
