<?xml version="1.0" encoding="utf-8"?>
<Project ToolsVersion="4.0" xmlns="http://schemas.microsoft.com/developer/msbuild/2003">
  <ItemGroup>
    <Filter Include="Source Files">
      <UniqueIdentifier>{4FC737F1-C7A5-4376-A066-2A32D752A2FF}</UniqueIdentifier>
      <Extensions>cpp;c;cc;cxx;def;odl;idl;hpj;bat;asm;asmx</Extensions>
    </Filter>
    <Filter Include="Header Files">
      <UniqueIdentifier>{93995380-89BD-4b04-88EB-625FBE52EBFB}</UniqueIdentifier>
      <Extensions>h;hh;hpp;hxx;hm;inl;inc;xsd</Extensions>
    </Filter>
    <Filter Include="Resource Files">
      <UniqueIdentifier>{D9D6E242-F8AF-46E4-B9FD-80ECBC20BA3E}</UniqueIdentifier>
      <Extensions>qrc;*</Extensions>
      <ParseFiles>false</ParseFiles>
    </Filter>
    <Filter Include="Form Files">
      <UniqueIdentifier>{99349809-55BA-4b9d-BF79-8FDBB0286EB3}</UniqueIdentifier>
      <Extensions>ui</Extensions>
    </Filter>
    <Filter Include="Resource Files">
      <UniqueIdentifier>{D9D6E242-F8AF-46E4-B9FD-80ECBC20BA3E}</UniqueIdentifier>
      <Extensions>qrc;*</Extensions>
      <ParseFiles>false</ParseFiles>
    </Filter>
    <Filter Include="Generated Files">
      <UniqueIdentifier>{71ED8ED8-ACB9-4CE9-BBE1-E00B30144E11}</UniqueIdentifier>
      <Extensions>moc;h;cpp</Extensions>
      <SourceControlFiles>False</SourceControlFiles>
    </Filter>
    <Filter Include="Resource Files\Charts">
      <UniqueIdentifier>{40b58455-492c-424c-834a-4e4cb220c9cf}</UniqueIdentifier>
    </Filter>
    <Filter Include="Resource Files\Point">
      <UniqueIdentifier>{545c0b63-a944-41fe-a71e-6acbb7ab93bf}</UniqueIdentifier>
    </Filter>
  </ItemGroup>
  <ItemGroup>
    <ClCompile Include="main.cpp">
      <Filter>Source Files</Filter>
    </ClCompile>
    <ClCompile Include="Chart.cpp">
      <Filter>Resource Files\Charts</Filter>
    </ClCompile>
    <ClCompile Include="CircleChart.cpp">
      <Filter>Resource Files\Charts</Filter>
    </ClCompile>
    <ClCompile Include="Point.cpp">
      <Filter>Resource Files\Point</Filter>
    </ClCompile>
    <ClCompile Include="SqEqChart.cpp">
      <Filter>Resource Files\Charts</Filter>
    </ClCompile>
    <ClCompile Include="DrawChartQt.cpp">
      <Filter>Source Files</Filter>
    </ClCompile>
  </ItemGroup>
  <ItemGroup>
    <QtMoc Include="DrawChartQt.h">
      <Filter>Header Files</Filter>
    </QtMoc>
  </ItemGroup>
  <ItemGroup>
    <QtUic Include="DrawChartQt.ui">
      <Filter>Form Files</Filter>
    </QtUic>
  </ItemGroup>
  <ItemGroup>
    <QtRcc Include="DrawChartQt.qrc">
      <Filter>Resource Files</Filter>
    </QtRcc>
  </ItemGroup>
  <ItemGroup>
    <ClInclude Include="libs.h">
      <Filter>Header Files</Filter>
    </ClInclude>
    <ClInclude Include="SqEqChart.h">
      <Filter>Resource Files\Charts</Filter>
    </ClInclude>
    <ClInclude Include="CircleChart.h">
      <Filter>Resource Files\Charts</Filter>
    </ClInclude>
    <ClInclude Include="Chart.h">
      <Filter>Resource Files\Charts</Filter>
    </ClInclude>
    <ClInclude Include="Point.h">
      <Filter>Resource Files\Point</Filter>
    </ClInclude>
  </ItemGroup>
</Project>