
Microsoft Visual Studio Solution File, Format Version 12.00
# Visual Studio 15
VisualStudioVersion = 15.0.27004.2006
MinimumVisualStudioVersion = 10.0.40219.1
Project("{FAE04EC0-301F-11D3-BF4B-00C04F79EFBC}") = "Task 2.1", "Task 2.1\Task 2.1.csproj", "{14C45B4B-C743-47DE-8695-E34AD91C39AF}"
EndProject
Global
	GlobalSection(SolutionConfigurationPlatforms) = preSolution
		Debug|Any CPU = Debug|Any CPU
		Release|Any CPU = Release|Any CPU
	EndGlobalSection
	GlobalSection(ProjectConfigurationPlatforms) = postSolution
		{14C45B4B-C743-47DE-8695-E34AD91C39AF}.Debug|Any CPU.ActiveCfg = Debug|Any CPU
		{14C45B4B-C743-47DE-8695-E34AD91C39AF}.Debug|Any CPU.Build.0 = Debug|Any CPU
		{14C45B4B-C743-47DE-8695-E34AD91C39AF}.Release|Any CPU.ActiveCfg = Release|Any CPU
		{14C45B4B-C743-47DE-8695-E34AD91C39AF}.Release|Any CPU.Build.0 = Release|Any CPU
	EndGlobalSection
	GlobalSection(SolutionProperties) = preSolution
		HideSolutionNode = FALSE
	EndGlobalSection
	GlobalSection(ExtensibilityGlobals) = postSolution
		SolutionGuid = {14260806-6DAC-4BC2-94C1-9C330980C548}
	EndGlobalSection
EndGlobal
