
Microsoft Visual Studio Solution File, Format Version 12.00
# Visual Studio 15
VisualStudioVersion = 15.0.27703.2018
MinimumVisualStudioVersion = 10.0.40219.1
Project("{FAE04EC0-301F-11D3-BF4B-00C04F79EFBC}") = "DrawChartWPF", "DrawChartWpf\DrawChartWpf\DrawChartWPF.csproj", "{4D359BA3-3928-49AE-AC53-6C9203B013A7}"
EndProject
Project("{FAE04EC0-301F-11D3-BF4B-00C04F79EFBC}") = "Libs CSharp", "Libs\Libs CSharp.csproj", "{E0084FB0-A91D-41E3-9466-C4BC6E36A34D}"
EndProject
Project("{2150E333-8FDC-42A3-9474-1A3956D46DE8}") = "libs", "libs", "{CA346B11-A9D2-4A86-8152-20F9E321268E}"
EndProject
Project("{2150E333-8FDC-42A3-9474-1A3956D46DE8}") = "projects", "projects", "{F1AF8D26-0B57-41E3-B2A2-37348D193331}"
EndProject
Project("{FAE04EC0-301F-11D3-BF4B-00C04F79EFBC}") = "DrawChartWF", "DrawChartWF\DrawChartWF.csproj", "{BC4EC9F7-BCB5-4E73-B4AE-7A72E33CD679}"
EndProject
Global
	GlobalSection(SolutionConfigurationPlatforms) = preSolution
		Debug|Any CPU = Debug|Any CPU
		Debug|x64 = Debug|x64
		Debug|x86 = Debug|x86
		Release|Any CPU = Release|Any CPU
		Release|x64 = Release|x64
		Release|x86 = Release|x86
	EndGlobalSection
	GlobalSection(ProjectConfigurationPlatforms) = postSolution
		{4D359BA3-3928-49AE-AC53-6C9203B013A7}.Debug|Any CPU.ActiveCfg = Debug|Any CPU
		{4D359BA3-3928-49AE-AC53-6C9203B013A7}.Debug|Any CPU.Build.0 = Debug|Any CPU
		{4D359BA3-3928-49AE-AC53-6C9203B013A7}.Debug|x64.ActiveCfg = Debug|Any CPU
		{4D359BA3-3928-49AE-AC53-6C9203B013A7}.Debug|x64.Build.0 = Debug|Any CPU
		{4D359BA3-3928-49AE-AC53-6C9203B013A7}.Debug|x86.ActiveCfg = Debug|Any CPU
		{4D359BA3-3928-49AE-AC53-6C9203B013A7}.Debug|x86.Build.0 = Debug|Any CPU
		{4D359BA3-3928-49AE-AC53-6C9203B013A7}.Release|Any CPU.ActiveCfg = Release|Any CPU
		{4D359BA3-3928-49AE-AC53-6C9203B013A7}.Release|Any CPU.Build.0 = Release|Any CPU
		{4D359BA3-3928-49AE-AC53-6C9203B013A7}.Release|x64.ActiveCfg = Release|Any CPU
		{4D359BA3-3928-49AE-AC53-6C9203B013A7}.Release|x64.Build.0 = Release|Any CPU
		{4D359BA3-3928-49AE-AC53-6C9203B013A7}.Release|x86.ActiveCfg = Release|Any CPU
		{4D359BA3-3928-49AE-AC53-6C9203B013A7}.Release|x86.Build.0 = Release|Any CPU
		{E0084FB0-A91D-41E3-9466-C4BC6E36A34D}.Debug|Any CPU.ActiveCfg = Debug|Any CPU
		{E0084FB0-A91D-41E3-9466-C4BC6E36A34D}.Debug|Any CPU.Build.0 = Debug|Any CPU
		{E0084FB0-A91D-41E3-9466-C4BC6E36A34D}.Debug|x64.ActiveCfg = Debug|Any CPU
		{E0084FB0-A91D-41E3-9466-C4BC6E36A34D}.Debug|x64.Build.0 = Debug|Any CPU
		{E0084FB0-A91D-41E3-9466-C4BC6E36A34D}.Debug|x86.ActiveCfg = Debug|Any CPU
		{E0084FB0-A91D-41E3-9466-C4BC6E36A34D}.Debug|x86.Build.0 = Debug|Any CPU
		{E0084FB0-A91D-41E3-9466-C4BC6E36A34D}.Release|Any CPU.ActiveCfg = Release|Any CPU
		{E0084FB0-A91D-41E3-9466-C4BC6E36A34D}.Release|Any CPU.Build.0 = Release|Any CPU
		{E0084FB0-A91D-41E3-9466-C4BC6E36A34D}.Release|x64.ActiveCfg = Release|Any CPU
		{E0084FB0-A91D-41E3-9466-C4BC6E36A34D}.Release|x64.Build.0 = Release|Any CPU
		{E0084FB0-A91D-41E3-9466-C4BC6E36A34D}.Release|x86.ActiveCfg = Release|Any CPU
		{E0084FB0-A91D-41E3-9466-C4BC6E36A34D}.Release|x86.Build.0 = Release|Any CPU
		{BC4EC9F7-BCB5-4E73-B4AE-7A72E33CD679}.Debug|Any CPU.ActiveCfg = Debug|Any CPU
		{BC4EC9F7-BCB5-4E73-B4AE-7A72E33CD679}.Debug|Any CPU.Build.0 = Debug|Any CPU
		{BC4EC9F7-BCB5-4E73-B4AE-7A72E33CD679}.Debug|x64.ActiveCfg = Debug|Any CPU
		{BC4EC9F7-BCB5-4E73-B4AE-7A72E33CD679}.Debug|x64.Build.0 = Debug|Any CPU
		{BC4EC9F7-BCB5-4E73-B4AE-7A72E33CD679}.Debug|x86.ActiveCfg = Debug|Any CPU
		{BC4EC9F7-BCB5-4E73-B4AE-7A72E33CD679}.Debug|x86.Build.0 = Debug|Any CPU
		{BC4EC9F7-BCB5-4E73-B4AE-7A72E33CD679}.Release|Any CPU.ActiveCfg = Release|Any CPU
		{BC4EC9F7-BCB5-4E73-B4AE-7A72E33CD679}.Release|Any CPU.Build.0 = Release|Any CPU
		{BC4EC9F7-BCB5-4E73-B4AE-7A72E33CD679}.Release|x64.ActiveCfg = Release|Any CPU
		{BC4EC9F7-BCB5-4E73-B4AE-7A72E33CD679}.Release|x64.Build.0 = Release|Any CPU
		{BC4EC9F7-BCB5-4E73-B4AE-7A72E33CD679}.Release|x86.ActiveCfg = Release|Any CPU
		{BC4EC9F7-BCB5-4E73-B4AE-7A72E33CD679}.Release|x86.Build.0 = Release|Any CPU
	EndGlobalSection
	GlobalSection(SolutionProperties) = preSolution
		HideSolutionNode = FALSE
	EndGlobalSection
	GlobalSection(NestedProjects) = preSolution
		{4D359BA3-3928-49AE-AC53-6C9203B013A7} = {F1AF8D26-0B57-41E3-B2A2-37348D193331}
		{E0084FB0-A91D-41E3-9466-C4BC6E36A34D} = {CA346B11-A9D2-4A86-8152-20F9E321268E}
		{BC4EC9F7-BCB5-4E73-B4AE-7A72E33CD679} = {F1AF8D26-0B57-41E3-B2A2-37348D193331}
	EndGlobalSection
	GlobalSection(ExtensibilityGlobals) = postSolution
		SolutionGuid = {939E8D4E-5DF9-4961-A24E-FF2CE4EFE01A}
	EndGlobalSection
EndGlobal
