
Microsoft Visual Studio Solution File, Format Version 12.00
# Visual Studio 15
VisualStudioVersion = 15.0.27004.2002
MinimumVisualStudioVersion = 10.0.40219.1
Project("{FAE04EC0-301F-11D3-BF4B-00C04F79EFBC}") = "task2.AbstractClass", "task2.AbstractClass\task2.AbstractClass.csproj", "{035192D1-6417-4D49-9BCF-81EA395E58CA}"
EndProject
Project("{FAE04EC0-301F-11D3-BF4B-00C04F79EFBC}") = "AbstractIceCreamLib", "AbstractIceCreamLib\AbstractIceCreamLib.csproj", "{5FE70B85-FF44-40E8-8EBB-E99BA3343FC7}"
EndProject
Project("{FAE04EC0-301F-11D3-BF4B-00C04F79EFBC}") = "IceCreamLib", "IceCreamLib\IceCreamLib.csproj", "{FD6BE268-AD46-4A20-9D7C-5CBF7A22F46E}"
EndProject
Global
	GlobalSection(SolutionConfigurationPlatforms) = preSolution
		Debug|Any CPU = Debug|Any CPU
		Release|Any CPU = Release|Any CPU
	EndGlobalSection
	GlobalSection(ProjectConfigurationPlatforms) = postSolution
		{035192D1-6417-4D49-9BCF-81EA395E58CA}.Debug|Any CPU.ActiveCfg = Debug|Any CPU
		{035192D1-6417-4D49-9BCF-81EA395E58CA}.Debug|Any CPU.Build.0 = Debug|Any CPU
		{035192D1-6417-4D49-9BCF-81EA395E58CA}.Release|Any CPU.ActiveCfg = Release|Any CPU
		{035192D1-6417-4D49-9BCF-81EA395E58CA}.Release|Any CPU.Build.0 = Release|Any CPU
		{5FE70B85-FF44-40E8-8EBB-E99BA3343FC7}.Debug|Any CPU.ActiveCfg = Debug|Any CPU
		{5FE70B85-FF44-40E8-8EBB-E99BA3343FC7}.Debug|Any CPU.Build.0 = Debug|Any CPU
		{5FE70B85-FF44-40E8-8EBB-E99BA3343FC7}.Release|Any CPU.ActiveCfg = Release|Any CPU
		{5FE70B85-FF44-40E8-8EBB-E99BA3343FC7}.Release|Any CPU.Build.0 = Release|Any CPU
		{FD6BE268-AD46-4A20-9D7C-5CBF7A22F46E}.Debug|Any CPU.ActiveCfg = Debug|Any CPU
		{FD6BE268-AD46-4A20-9D7C-5CBF7A22F46E}.Debug|Any CPU.Build.0 = Debug|Any CPU
		{FD6BE268-AD46-4A20-9D7C-5CBF7A22F46E}.Release|Any CPU.ActiveCfg = Release|Any CPU
		{FD6BE268-AD46-4A20-9D7C-5CBF7A22F46E}.Release|Any CPU.Build.0 = Release|Any CPU
	EndGlobalSection
	GlobalSection(SolutionProperties) = preSolution
		HideSolutionNode = FALSE
	EndGlobalSection
	GlobalSection(ExtensibilityGlobals) = postSolution
		SolutionGuid = {A204E600-35AE-4569-BAAA-722337D071A6}
	EndGlobalSection
EndGlobal
