
Microsoft Visual Studio Solution File, Format Version 12.00
# Visual Studio 15
VisualStudioVersion = 15.0.27428.1
MinimumVisualStudioVersion = 10.0.40219.1
Project("{FAE04EC0-301F-11D3-BF4B-00C04F79EFBC}") = "Task_2", "Task_2\Task_2.csproj", "{5A954708-A11B-45D9-A8D8-AC813BC98DD1}"
EndProject
Project("{FAE04EC0-301F-11D3-BF4B-00C04F79EFBC}") = "CustomTankLib", "CustomTankLib\CustomTankLib.csproj", "{B63F1365-DA5B-4790-9D86-F507B4ECA54F}"
EndProject
Project("{FAE04EC0-301F-11D3-BF4B-00C04F79EFBC}") = "ATankLib", "ATankLib\ATankLib.csproj", "{F024E730-1227-42CF-A30E-39E4E5B6F7FD}"
EndProject
Global
	GlobalSection(SolutionConfigurationPlatforms) = preSolution
		Debug|Any CPU = Debug|Any CPU
		Release|Any CPU = Release|Any CPU
	EndGlobalSection
	GlobalSection(ProjectConfigurationPlatforms) = postSolution
		{5A954708-A11B-45D9-A8D8-AC813BC98DD1}.Debug|Any CPU.ActiveCfg = Debug|Any CPU
		{5A954708-A11B-45D9-A8D8-AC813BC98DD1}.Debug|Any CPU.Build.0 = Debug|Any CPU
		{5A954708-A11B-45D9-A8D8-AC813BC98DD1}.Release|Any CPU.ActiveCfg = Release|Any CPU
		{5A954708-A11B-45D9-A8D8-AC813BC98DD1}.Release|Any CPU.Build.0 = Release|Any CPU
		{B63F1365-DA5B-4790-9D86-F507B4ECA54F}.Debug|Any CPU.ActiveCfg = Debug|Any CPU
		{B63F1365-DA5B-4790-9D86-F507B4ECA54F}.Debug|Any CPU.Build.0 = Debug|Any CPU
		{B63F1365-DA5B-4790-9D86-F507B4ECA54F}.Release|Any CPU.ActiveCfg = Release|Any CPU
		{B63F1365-DA5B-4790-9D86-F507B4ECA54F}.Release|Any CPU.Build.0 = Release|Any CPU
		{F024E730-1227-42CF-A30E-39E4E5B6F7FD}.Debug|Any CPU.ActiveCfg = Debug|Any CPU
		{F024E730-1227-42CF-A30E-39E4E5B6F7FD}.Debug|Any CPU.Build.0 = Debug|Any CPU
		{F024E730-1227-42CF-A30E-39E4E5B6F7FD}.Release|Any CPU.ActiveCfg = Release|Any CPU
		{F024E730-1227-42CF-A30E-39E4E5B6F7FD}.Release|Any CPU.Build.0 = Release|Any CPU
	EndGlobalSection
	GlobalSection(SolutionProperties) = preSolution
		HideSolutionNode = FALSE
	EndGlobalSection
	GlobalSection(ExtensibilityGlobals) = postSolution
		SolutionGuid = {A71FA735-FA27-40AB-B07C-91C0EA6576CC}
	EndGlobalSection
EndGlobal
