
Microsoft Visual Studio Solution File, Format Version 12.00
# Visual Studio 15
VisualStudioVersion = 15.0.27004.2006
MinimumVisualStudioVersion = 10.0.40219.1
Project("{FAE04EC0-301F-11D3-BF4B-00C04F79EFBC}") = "MathInfo", "MathInfo\MathInfo.csproj", "{E4AAB70A-1DCE-4E92-8CC0-22F38A3EF957}"
EndProject
Project("{FAE04EC0-301F-11D3-BF4B-00C04F79EFBC}") = "WindowsForms", "WindowsForms\WindowsForms.csproj", "{ECAEE6C3-6E2F-4EEA-966F-2217DBBA657F}"
EndProject
Project("{FAE04EC0-301F-11D3-BF4B-00C04F79EFBC}") = "Wpf", "Wpf\Wpf.csproj", "{709AC4A4-01D8-443B-A88A-C6B2390320EE}"
EndProject
Global
	GlobalSection(SolutionConfigurationPlatforms) = preSolution
		Debug|Any CPU = Debug|Any CPU
		Release|Any CPU = Release|Any CPU
	EndGlobalSection
	GlobalSection(ProjectConfigurationPlatforms) = postSolution
		{E4AAB70A-1DCE-4E92-8CC0-22F38A3EF957}.Debug|Any CPU.ActiveCfg = Debug|Any CPU
		{E4AAB70A-1DCE-4E92-8CC0-22F38A3EF957}.Debug|Any CPU.Build.0 = Debug|Any CPU
		{E4AAB70A-1DCE-4E92-8CC0-22F38A3EF957}.Release|Any CPU.ActiveCfg = Release|Any CPU
		{E4AAB70A-1DCE-4E92-8CC0-22F38A3EF957}.Release|Any CPU.Build.0 = Release|Any CPU
		{ECAEE6C3-6E2F-4EEA-966F-2217DBBA657F}.Debug|Any CPU.ActiveCfg = Debug|Any CPU
		{ECAEE6C3-6E2F-4EEA-966F-2217DBBA657F}.Debug|Any CPU.Build.0 = Debug|Any CPU
		{ECAEE6C3-6E2F-4EEA-966F-2217DBBA657F}.Release|Any CPU.ActiveCfg = Release|Any CPU
		{ECAEE6C3-6E2F-4EEA-966F-2217DBBA657F}.Release|Any CPU.Build.0 = Release|Any CPU
		{709AC4A4-01D8-443B-A88A-C6B2390320EE}.Debug|Any CPU.ActiveCfg = Debug|Any CPU
		{709AC4A4-01D8-443B-A88A-C6B2390320EE}.Debug|Any CPU.Build.0 = Debug|Any CPU
		{709AC4A4-01D8-443B-A88A-C6B2390320EE}.Release|Any CPU.ActiveCfg = Release|Any CPU
		{709AC4A4-01D8-443B-A88A-C6B2390320EE}.Release|Any CPU.Build.0 = Release|Any CPU
	EndGlobalSection
	GlobalSection(SolutionProperties) = preSolution
		HideSolutionNode = FALSE
	EndGlobalSection
	GlobalSection(ExtensibilityGlobals) = postSolution
		SolutionGuid = {46A641E1-1382-4046-A461-1FBD1F664927}
	EndGlobalSection
EndGlobal
