
Microsoft Visual Studio Solution File, Format Version 12.00
# Visual Studio 15
VisualStudioVersion = 15.0.27428.2002
MinimumVisualStudioVersion = 10.0.40219.1
Project("{FAE04EC0-301F-11D3-BF4B-00C04F79EFBC}") = "Task5", "Task5\Task5.csproj", "{8256D077-2E2B-4844-862C-D005D36E747A}"
EndProject
Global
	GlobalSection(SolutionConfigurationPlatforms) = preSolution
		Debug|Any CPU = Debug|Any CPU
		Release|Any CPU = Release|Any CPU
	EndGlobalSection
	GlobalSection(ProjectConfigurationPlatforms) = postSolution
		{8256D077-2E2B-4844-862C-D005D36E747A}.Debug|Any CPU.ActiveCfg = Debug|Any CPU
		{8256D077-2E2B-4844-862C-D005D36E747A}.Debug|Any CPU.Build.0 = Debug|Any CPU
		{8256D077-2E2B-4844-862C-D005D36E747A}.Release|Any CPU.ActiveCfg = Release|Any CPU
		{8256D077-2E2B-4844-862C-D005D36E747A}.Release|Any CPU.Build.0 = Release|Any CPU
	EndGlobalSection
	GlobalSection(SolutionProperties) = preSolution
		HideSolutionNode = FALSE
	EndGlobalSection
	GlobalSection(ExtensibilityGlobals) = postSolution
		SolutionGuid = {D50B3CE8-357C-4989-90A9-AC9A29F63DCA}
	EndGlobalSection
EndGlobal
