
Microsoft Visual Studio Solution File, Format Version 12.00
# Visual Studio 15
VisualStudioVersion = 15.0.27004.2006
MinimumVisualStudioVersion = 10.0.40219.1
Project("{FAE04EC0-301F-11D3-BF4B-00C04F79EFBC}") = "WeakHashtable", "WeekHashtable\WeakHashtable.csproj", "{7AC513E9-0917-4F70-8BE4-2649C17FCA62}"
EndProject
Project("{FAE04EC0-301F-11D3-BF4B-00C04F79EFBC}") = "Task 7", "Task 7\Task 7.csproj", "{510F3D43-F6A6-432C-ABAB-E8BDBDD60DAE}"
EndProject
Global
	GlobalSection(SolutionConfigurationPlatforms) = preSolution
		Debug|Any CPU = Debug|Any CPU
		Release|Any CPU = Release|Any CPU
	EndGlobalSection
	GlobalSection(ProjectConfigurationPlatforms) = postSolution
		{7AC513E9-0917-4F70-8BE4-2649C17FCA62}.Debug|Any CPU.ActiveCfg = Debug|Any CPU
		{7AC513E9-0917-4F70-8BE4-2649C17FCA62}.Debug|Any CPU.Build.0 = Debug|Any CPU
		{7AC513E9-0917-4F70-8BE4-2649C17FCA62}.Release|Any CPU.ActiveCfg = Release|Any CPU
		{7AC513E9-0917-4F70-8BE4-2649C17FCA62}.Release|Any CPU.Build.0 = Release|Any CPU
		{510F3D43-F6A6-432C-ABAB-E8BDBDD60DAE}.Debug|Any CPU.ActiveCfg = Debug|Any CPU
		{510F3D43-F6A6-432C-ABAB-E8BDBDD60DAE}.Debug|Any CPU.Build.0 = Debug|Any CPU
		{510F3D43-F6A6-432C-ABAB-E8BDBDD60DAE}.Release|Any CPU.ActiveCfg = Release|Any CPU
		{510F3D43-F6A6-432C-ABAB-E8BDBDD60DAE}.Release|Any CPU.Build.0 = Release|Any CPU
	EndGlobalSection
	GlobalSection(SolutionProperties) = preSolution
		HideSolutionNode = FALSE
	EndGlobalSection
	GlobalSection(ExtensibilityGlobals) = postSolution
		SolutionGuid = {87D5C51A-927D-48FA-A728-6A7876AF4F00}
	EndGlobalSection
EndGlobal
