
Microsoft Visual Studio Solution File, Format Version 12.00
# Visual Studio 14
VisualStudioVersion = 14.0.25420.1
MinimumVisualStudioVersion = 10.0.40219.1
Project("{FAE04EC0-301F-11D3-BF4B-00C04F79EFBC}") = "AlgebraicCurveLibrary", "AlgebraicCurveLibrary\AlgebraicCurveLibrary.csproj", "{0BE73350-F6E1-4BDE-8DE6-212E233FF4C8}"
EndProject
Project("{FAE04EC0-301F-11D3-BF4B-00C04F79EFBC}") = "WinFormsTechnology", "WinFormsTechnology\WinFormsTechnology.csproj", "{36B93E3F-5BC4-4833-B76A-722EDFB27654}"
EndProject
Project("{FAE04EC0-301F-11D3-BF4B-00C04F79EFBC}") = "WPFTechnology", "WPFTechnology\WPFTechnology.csproj", "{A06D7231-C90E-47DB-8741-678014A2C820}"
EndProject
Global
	GlobalSection(SolutionConfigurationPlatforms) = preSolution
		Debug|Any CPU = Debug|Any CPU
		Release|Any CPU = Release|Any CPU
	EndGlobalSection
	GlobalSection(ProjectConfigurationPlatforms) = postSolution
		{0BE73350-F6E1-4BDE-8DE6-212E233FF4C8}.Debug|Any CPU.ActiveCfg = Debug|Any CPU
		{0BE73350-F6E1-4BDE-8DE6-212E233FF4C8}.Debug|Any CPU.Build.0 = Debug|Any CPU
		{0BE73350-F6E1-4BDE-8DE6-212E233FF4C8}.Release|Any CPU.ActiveCfg = Release|Any CPU
		{0BE73350-F6E1-4BDE-8DE6-212E233FF4C8}.Release|Any CPU.Build.0 = Release|Any CPU
		{36B93E3F-5BC4-4833-B76A-722EDFB27654}.Debug|Any CPU.ActiveCfg = Debug|Any CPU
		{36B93E3F-5BC4-4833-B76A-722EDFB27654}.Debug|Any CPU.Build.0 = Debug|Any CPU
		{36B93E3F-5BC4-4833-B76A-722EDFB27654}.Release|Any CPU.ActiveCfg = Release|Any CPU
		{36B93E3F-5BC4-4833-B76A-722EDFB27654}.Release|Any CPU.Build.0 = Release|Any CPU
		{A06D7231-C90E-47DB-8741-678014A2C820}.Debug|Any CPU.ActiveCfg = Debug|Any CPU
		{A06D7231-C90E-47DB-8741-678014A2C820}.Debug|Any CPU.Build.0 = Debug|Any CPU
		{A06D7231-C90E-47DB-8741-678014A2C820}.Release|Any CPU.ActiveCfg = Release|Any CPU
		{A06D7231-C90E-47DB-8741-678014A2C820}.Release|Any CPU.Build.0 = Release|Any CPU
	EndGlobalSection
	GlobalSection(SolutionProperties) = preSolution
		HideSolutionNode = FALSE
	EndGlobalSection
EndGlobal
