
Microsoft Visual Studio Solution File, Format Version 12.00
# Visual Studio 15
VisualStudioVersion = 15.0.27703.2018
MinimumVisualStudioVersion = 10.0.40219.1
Project("{8BC9CEB8-8B4A-11D0-8D11-00A0C91BC942}") = "Tanks", "Tanks\Tanks.vcxproj", "{0201BB8E-3CCE-483E-8A49-606EBCBA31DD}"
EndProject
Project("{8BC9CEB8-8B4A-11D0-8D11-00A0C91BC942}") = "TankDll", "TankDll\TankDll.vcxproj", "{440471CA-3C90-49EB-855F-35CD496E3E86}"
EndProject
Project("{8BC9CEB8-8B4A-11D0-8D11-00A0C91BC942}") = "AdvTanksDll", "AdvTanksDll\AdvTanksDll.vcxproj", "{254F50A6-BE99-46F2-BC78-4D076D6965BA}"
EndProject
Global
	GlobalSection(SolutionConfigurationPlatforms) = preSolution
		Debug|x64 = Debug|x64
		Debug|x86 = Debug|x86
		Release|x64 = Release|x64
		Release|x86 = Release|x86
	EndGlobalSection
	GlobalSection(ProjectConfigurationPlatforms) = postSolution
		{0201BB8E-3CCE-483E-8A49-606EBCBA31DD}.Debug|x64.ActiveCfg = Debug|x64
		{0201BB8E-3CCE-483E-8A49-606EBCBA31DD}.Debug|x64.Build.0 = Debug|x64
		{0201BB8E-3CCE-483E-8A49-606EBCBA31DD}.Debug|x86.ActiveCfg = Debug|Win32
		{0201BB8E-3CCE-483E-8A49-606EBCBA31DD}.Debug|x86.Build.0 = Debug|Win32
		{0201BB8E-3CCE-483E-8A49-606EBCBA31DD}.Release|x64.ActiveCfg = Release|x64
		{0201BB8E-3CCE-483E-8A49-606EBCBA31DD}.Release|x64.Build.0 = Release|x64
		{0201BB8E-3CCE-483E-8A49-606EBCBA31DD}.Release|x86.ActiveCfg = Release|Win32
		{0201BB8E-3CCE-483E-8A49-606EBCBA31DD}.Release|x86.Build.0 = Release|Win32
		{440471CA-3C90-49EB-855F-35CD496E3E86}.Debug|x64.ActiveCfg = Debug|x64
		{440471CA-3C90-49EB-855F-35CD496E3E86}.Debug|x64.Build.0 = Debug|x64
		{440471CA-3C90-49EB-855F-35CD496E3E86}.Debug|x86.ActiveCfg = Debug|Win32
		{440471CA-3C90-49EB-855F-35CD496E3E86}.Debug|x86.Build.0 = Debug|Win32
		{440471CA-3C90-49EB-855F-35CD496E3E86}.Release|x64.ActiveCfg = Release|x64
		{440471CA-3C90-49EB-855F-35CD496E3E86}.Release|x64.Build.0 = Release|x64
		{440471CA-3C90-49EB-855F-35CD496E3E86}.Release|x86.ActiveCfg = Release|Win32
		{440471CA-3C90-49EB-855F-35CD496E3E86}.Release|x86.Build.0 = Release|Win32
		{254F50A6-BE99-46F2-BC78-4D076D6965BA}.Debug|x64.ActiveCfg = Debug|x64
		{254F50A6-BE99-46F2-BC78-4D076D6965BA}.Debug|x64.Build.0 = Debug|x64
		{254F50A6-BE99-46F2-BC78-4D076D6965BA}.Debug|x86.ActiveCfg = Debug|Win32
		{254F50A6-BE99-46F2-BC78-4D076D6965BA}.Debug|x86.Build.0 = Debug|Win32
		{254F50A6-BE99-46F2-BC78-4D076D6965BA}.Release|x64.ActiveCfg = Release|x64
		{254F50A6-BE99-46F2-BC78-4D076D6965BA}.Release|x64.Build.0 = Release|x64
		{254F50A6-BE99-46F2-BC78-4D076D6965BA}.Release|x86.ActiveCfg = Release|Win32
		{254F50A6-BE99-46F2-BC78-4D076D6965BA}.Release|x86.Build.0 = Release|Win32
	EndGlobalSection
	GlobalSection(SolutionProperties) = preSolution
		HideSolutionNode = FALSE
	EndGlobalSection
	GlobalSection(ExtensibilityGlobals) = postSolution
		SolutionGuid = {FD19801C-94F6-4520-BC67-7567A6406233}
	EndGlobalSection
EndGlobal
